
Microsoft Visual Studio Solution File, Format Version 12.00
# Visual Studio Version 16
VisualStudioVersion = 16.0.31410.357
MinimumVisualStudioVersion = 10.0.40219.1
Project("{FAE04EC0-301F-11D3-BF4B-00C04F79EFBC}") = "ObjectsInside", "ObjectsInside\ObjectsInside.csproj", "{577BD4CE-01C7-4644-B682-DF5FA0A5F12D}"
EndProject
Global
	GlobalSection(SolutionConfigurationPlatforms) = preSolution
		Debug|Any CPU = Debug|Any CPU
		Release|Any CPU = Release|Any CPU
	EndGlobalSection
	GlobalSection(ProjectConfigurationPlatforms) = postSolution
		{577BD4CE-01C7-4644-B682-DF5FA0A5F12D}.Debug|Any CPU.ActiveCfg = Debug|Any CPU
		{577BD4CE-01C7-4644-B682-DF5FA0A5F12D}.Debug|Any CPU.Build.0 = Debug|Any CPU
		{577BD4CE-01C7-4644-B682-DF5FA0A5F12D}.Release|Any CPU.ActiveCfg = Release|Any CPU
		{577BD4CE-01C7-4644-B682-DF5FA0A5F12D}.Release|Any CPU.Build.0 = Release|Any CPU
	EndGlobalSection
	GlobalSection(SolutionProperties) = preSolution
		HideSolutionNode = FALSE
	EndGlobalSection
	GlobalSection(ExtensibilityGlobals) = postSolution
		SolutionGuid = {E01FC077-1CA8-4807-A290-24280A5FBDB3}
	EndGlobalSection
EndGlobal
