
Microsoft Visual Studio Solution File, Format Version 12.00
# Visual Studio Version 16
VisualStudioVersion = 16.0.30907.101
MinimumVisualStudioVersion = 10.0.40219.1
Project("{FAE04EC0-301F-11D3-BF4B-00C04F79EFBC}") = "StaticMethods", "StaticMethods\StaticMethods.csproj", "{0B0002DC-788A-4825-A98F-B990BBCEFAAB}"
EndProject
Project("{FAE04EC0-301F-11D3-BF4B-00C04F79EFBC}") = "StaticMethods.Tests", "StaticMethods.Tests\StaticMethods.Tests.csproj", "{9D3F6ACF-BC75-4E55-A171-D26078951EBD}"
EndProject
Global
	GlobalSection(SolutionConfigurationPlatforms) = preSolution
		Debug|Any CPU = Debug|Any CPU
		Release|Any CPU = Release|Any CPU
	EndGlobalSection
	GlobalSection(ProjectConfigurationPlatforms) = postSolution
		{0B0002DC-788A-4825-A98F-B990BBCEFAAB}.Debug|Any CPU.ActiveCfg = Debug|Any CPU
		{0B0002DC-788A-4825-A98F-B990BBCEFAAB}.Debug|Any CPU.Build.0 = Debug|Any CPU
		{0B0002DC-788A-4825-A98F-B990BBCEFAAB}.Release|Any CPU.ActiveCfg = Release|Any CPU
		{0B0002DC-788A-4825-A98F-B990BBCEFAAB}.Release|Any CPU.Build.0 = Release|Any CPU
		{9D3F6ACF-BC75-4E55-A171-D26078951EBD}.Debug|Any CPU.ActiveCfg = Debug|Any CPU
		{9D3F6ACF-BC75-4E55-A171-D26078951EBD}.Debug|Any CPU.Build.0 = Debug|Any CPU
		{9D3F6ACF-BC75-4E55-A171-D26078951EBD}.Release|Any CPU.ActiveCfg = Release|Any CPU
		{9D3F6ACF-BC75-4E55-A171-D26078951EBD}.Release|Any CPU.Build.0 = Release|Any CPU
	EndGlobalSection
	GlobalSection(SolutionProperties) = preSolution
		HideSolutionNode = FALSE
	EndGlobalSection
	GlobalSection(ExtensibilityGlobals) = postSolution
		SolutionGuid = {41013A4B-2D20-4E77-94F6-E4B6BCEBDED3}
	EndGlobalSection
EndGlobal
